
Microsoft Visual Studio Solution File, Format Version 12.00
# Visual Studio Version 17
VisualStudioVersion = 17.7.34031.279
MinimumVisualStudioVersion = 10.0.40219.1
Project("{FAE04EC0-301F-11D3-BF4B-00C04F79EFBC}") = "MULTİSHOPMVC", "MULTİSHOPMVC\MULTİSHOPMVC.csproj", "{21139990-3AB0-4B8A-AF1B-263B262F2FE6}"
EndProject
Global
	GlobalSection(SolutionConfigurationPlatforms) = preSolution
		Debug|Any CPU = Debug|Any CPU
		Release|Any CPU = Release|Any CPU
	EndGlobalSection
	GlobalSection(ProjectConfigurationPlatforms) = postSolution
		{21139990-3AB0-4B8A-AF1B-263B262F2FE6}.Debug|Any CPU.ActiveCfg = Debug|Any CPU
		{21139990-3AB0-4B8A-AF1B-263B262F2FE6}.Debug|Any CPU.Build.0 = Debug|Any CPU
		{21139990-3AB0-4B8A-AF1B-263B262F2FE6}.Release|Any CPU.ActiveCfg = Release|Any CPU
		{21139990-3AB0-4B8A-AF1B-263B262F2FE6}.Release|Any CPU.Build.0 = Release|Any CPU
	EndGlobalSection
	GlobalSection(SolutionProperties) = preSolution
		HideSolutionNode = FALSE
	EndGlobalSection
	GlobalSection(ExtensibilityGlobals) = postSolution
		SolutionGuid = {53D4E52F-2C09-4423-AE99-832169258289}
	EndGlobalSection
EndGlobal
